
Microsoft Visual Studio Solution File, Format Version 12.00
# Visual Studio Version 17
VisualStudioVersion = 17.8.34330.188
MinimumVisualStudioVersion = 10.0.40219.1
Project("{FAE04EC0-301F-11D3-BF4B-00C04F79EFBC}") = "Pizza", "Pizza\Pizza.csproj", "{95E3BFB8-4162-4A4C-AF16-CADDF0E5E053}"
EndProject
Global
	GlobalSection(SolutionConfigurationPlatforms) = preSolution
		Debug|Any CPU = Debug|Any CPU
		Release|Any CPU = Release|Any CPU
	EndGlobalSection
	GlobalSection(ProjectConfigurationPlatforms) = postSolution
		{95E3BFB8-4162-4A4C-AF16-CADDF0E5E053}.Debug|Any CPU.ActiveCfg = Debug|Any CPU
		{95E3BFB8-4162-4A4C-AF16-CADDF0E5E053}.Debug|Any CPU.Build.0 = Debug|Any CPU
		{95E3BFB8-4162-4A4C-AF16-CADDF0E5E053}.Release|Any CPU.ActiveCfg = Release|Any CPU
		{95E3BFB8-4162-4A4C-AF16-CADDF0E5E053}.Release|Any CPU.Build.0 = Release|Any CPU
	EndGlobalSection
	GlobalSection(SolutionProperties) = preSolution
		HideSolutionNode = FALSE
	EndGlobalSection
	GlobalSection(ExtensibilityGlobals) = postSolution
		SolutionGuid = {6C57A7F5-C627-4F5D-8BA6-C61DB7E46662}
	EndGlobalSection
EndGlobal
